{
  "name": "portalshop",
  "lockfileVersion": 2,
  "requires": true,
  "packages": {
    "": {
      "devDependencies": {
        "svelte-range-slider-pips": "^2.0.3"
      }
    },
    "node_modules/svelte-range-slider-pips": {
      "version": "2.0.3",
      "resolved": "https://registry.npmjs.org/svelte-range-slider-pips/-/svelte-range-slider-pips-2.0.3.tgz",
      "integrity": "sha512-43zYhIZtGZywiS0nJPAFDfQipDz8Hs2lpj6gVU8WbC+NSu0Lu8VINHjDazeLpoa9X/3rMlaVGT2lPO2aTfLc6w==",
      "dev": true
    }
  },
  "dependencies": {
    "svelte-range-slider-pips": {
      "version": "2.0.3",
      "resolved": "https://registry.npmjs.org/svelte-range-slider-pips/-/svelte-range-slider-pips-2.0.3.tgz",
      "integrity": "sha512-43zYhIZtGZywiS0nJPAFDfQipDz8Hs2lpj6gVU8WbC+NSu0Lu8VINHjDazeLpoa9X/3rMlaVGT2lPO2aTfLc6w==",
      "dev": true
    }
  }
}
